// !$*UTF8*$!
{
	archiveVersion = 1;
	classes = {
	};
	objectVersion = 50;
	objects = {

/* Begin PBXBuildFile section */
		708D5FCB26B197B5000F70F3 /* AppDelegate.swift in Sources */ = {isa = PBXBuildFile; fileRef = 708D5FCA26B197B5000F70F3 /* AppDelegate.swift */; };
		708D5FCD26B197B5000F70F3 /* SceneDelegate.swift in Sources */ = {isa = PBXBuildFile; fileRef = 708D5FCC26B197B5000F70F3 /* SceneDelegate.swift */; };
		708D5FCF26B197B5000F70F3 /* ContentView.swift in Sources */ = {isa = PBXBuildFile; fileRef = 708D5FCE26B197B5000F70F3 /* ContentView.swift */; };
		708D5FD126B197B6000F70F3 /* Assets.xcassets in Resources */ = {isa = PBXBuildFile; fileRef = 708D5FD026B197B6000F70F3 /* Assets.xcassets */; };
		708D5FD426B197B6000F70F3 /* Preview Assets.xcassets in Resources */ = {isa = PBXBuildFile; fileRef = 708D5FD326B197B6000F70F3 /* Preview Assets.xcassets */; };
		708D5FD726B197B6000F70F3 /* LaunchScreen.storyboard in Resources */ = {isa = PBXBuildFile; fileRef = 708D5FD526B197B6000F70F3 /* LaunchScreen.storyboard */; };
/* End PBXBuildFile section */

/* Begin PBXFileReference section */
		708D5FC726B197B5000F70F3 /* FormAndNavigation.app */ = {isa = PBXFileReference; explicitFileType = wrapper.application; includeInIndex = 0; path = FormAndNavigation.app; sourceTree = BUILT_PRODUCTS_DIR; };
		708D5FCA26B197B5000F70F3 /* AppDelegate.swift */ = {isa = PBXFileReference; lastKnownFileType = sourcecode.swift; path = AppDelegate.swift; sourceTree = "<group>"; };
		708D5FCC26B197B5000F70F3 /* SceneDelegate.swift */ = {isa = PBXFileReference; lastKnownFileType = sourcecode.swift; path = SceneDelegate.swift; sourceTree = "<group>"; };
		708D5FCE26B197B5000F70F3 /* ContentView.swift */ = {isa = PBXFileReference; lastKnownFileType = sourcecode.swift; path = ContentView.swift; sourceTree = "<group>"; };
		708D5FD026B197B6000F70F3 /* Assets.xcassets */ = {isa = PBXFileReference; lastKnownFileType = folder.assetcatalog; path = Assets.xcassets; sourceTree = "<group>"; };
		708D5FD326B197B6000F70F3 /* Preview Assets.xcassets */ = {isa = PBXFileReference; lastKnownFileType = folder.assetcatalog; path = "Preview Assets.xcassets"; sourceTree = "<group>"; };
		708D5FD626B197B6000F70F3 /* Base */ = {isa = PBXFileReference; lastKnownFileType = file.storyboard; name = Base; path = Base.lproj/LaunchScreen.storyboard; sourceTree = "<group>"; };
		708D5FD826B197B6000F70F3 /* Info.plist */ = {isa = PBXFileReference; lastKnownFileType = text.plist.xml; path = Info.plist; sourceTree = "<group>"; };
/* End PBXFileReference section */

/* Begin PBXFrameworksBuildPhase section */
		708D5FC426B197B5000F70F3 /* Frameworks */ = {
			isa = PBXFrameworksBuildPhase;
			buildActionMask = 2147483647;
			files = (
			);
			runOnlyForDeploymentPostprocessing = 0;
		};
/* End PBXFrameworksBuildPhase section */

/* Begin PBXGroup section */
		708D5FBE26B197B5000F70F3 = {
			isa = PBXGroup;
			children = (
				708D5FC926B197B5000F70F3 /* FormAndNavigation */,
				708D5FC826B197B5000F70F3 /* Products */,
			);
			sourceTree = "<group>";
		};
		708D5FC826B197B5000F70F3 /* Products */ = {
			isa = PBXGroup;
			children = (
				708D5FC726B197B5000F70F3 /* FormAndNavigation.app */,
			);
			name = Products;
			sourceTree = "<group>";
		};
		708D5FC926B197B5000F70F3 /* FormAndNavigation */ = {
			isa = PBXGroup;
			children = (
				708D5FCA26B197B5000F70F3 /* AppDelegate.swift */,
				708D5FCC26B197B5000F70F3 /* SceneDelegate.swift */,
				708D5FCE26B197B5000F70F3 /* ContentView.swift */,
				708D5FD026B197B6000F70F3 /* Assets.xcassets */,
				708D5FD526B197B6000F70F3 /* LaunchScreen.storyboard */,
				708D5FD826B197B6000F70F3 /* Info.plist */,
				708D5FD226B197B6000F70F3 /* Preview Content */,
			);
			path = FormAndNavigation;
			sourceTree = "<group>";
		};
		708D5FD226B197B6000F70F3 /* Preview Content */ = {
			isa = PBXGroup;
			children = (
				708D5FD326B197B6000F70F3 /* Preview Assets.xcassets */,
			);
			path = "Preview Content";
			sourceTree = "<group>";
		};
/* End PBXGroup section */

/* Begin PBXNativeTarget section */
		708D5FC626B197B5000F70F3 /* FormAndNavigation */ = {
			isa = PBXNativeTarget;
			buildConfigurationList = 708D5FDB26B197B6000F70F3 /* Build configuration list for PBXNativeTarget "FormAndNavigation" */;
			buildPhases = (
				708D5FC326B197B5000F70F3 /* Sources */,
				708D5FC426B197B5000F70F3 /* Frameworks */,
				708D5FC526B197B5000F70F3 /* Resources */,
			);
			buildRules = (
			);
			dependencies = (
			);
			name = FormAndNavigation;
			productName = FormAndNavigation;
			productReference = 708D5FC726B197B5000F70F3 /* FormAndNavigation.app */;
			productType = "com.apple.product-type.application";
		};
/* End PBXNativeTarget section */

/* Begin PBXProject section */
		708D5FBF26B197B5000F70F3 /* Project object */ = {
			isa = PBXProject;
			attributes = {
				LastSwiftUpdateCheck = 1250;
				LastUpgradeCheck = 1250;
				TargetAttributes = {
					708D5FC626B197B5000F70F3 = {
						CreatedOnToolsVersion = 12.5.1;
					};
				};
			};
			buildConfigurationList = 708D5FC226B197B5000F70F3 /* Build configuration list for PBXProject "FormAndNavigation" */;
			compatibilityVersion = "Xcode 9.3";
			developmentRegion = en;
			hasScannedForEncodings = 0;
			knownRegions = (
				en,
				Base,
			);
			mainGroup = 708D5FBE26B197B5000F70F3;
			productRefGroup = 708D5FC826B197B5000F70F3 /* Products */;
			projectDirPath = "";
			projectRoot = "";
			targets = (
				708D5FC626B197B5000F70F3 /* FormAndNavigation */,
			);
		};
/* End PBXProject section */

/* Begin PBXResourcesBuildPhase section */
		708D5FC526B197B5000F70F3 /* Resources */ = {
			isa = PBXResourcesBuildPhase;
			buildActionMask = 2147483647;
			files = (
				708D5FD726B197B6000F70F3 /* LaunchScreen.storyboard in Resources */,
				708D5FD426B197B6000F70F3 /* Preview Assets.xcassets in Resources */,
				708D5FD126B197B6000F70F3 /* Assets.xcassets in Resources */,
			);
			runOnlyForDeploymentPostprocessing = 0;
		};
/* End PBXResourcesBuildPhase section */

/* Begin PBXSourcesBuildPhase section */
		708D5FC326B197B5000F70F3 /* Sources */ = {
			isa = PBXSourcesBuildPhase;
			buildActionMask = 2147483647;
			files = (
				708D5FCB26B197B5000F70F3 /* AppDelegate.swift in Sources */,
				708D5FCD26B197B5000F70F3 /* SceneDelegate.swift in Sources */,
				708D5FCF26B197B5000F70F3 /* ContentView.swift in Sources */,
			);
			runOnlyForDeploymentPostprocessing = 0;
		};
/* End PBXSourcesBuildPhase section */

/* Begin PBXVariantGroup section */
		708D5FD526B197B6000F70F3 /* LaunchScreen.storyboard */ = {
			isa = PBXVariantGroup;
			children = (
				708D5FD626B197B6000F70F3 /* Base */,
			);
			name = LaunchScreen.storyboard;
			sourceTree = "<group>";
		};
/* End PBXVariantGroup section */

/* Begin XCBuildConfiguration section */
		708D5FD926B197B6000F70F3 /* Debug */ = {
			isa = XCBuildConfiguration;
			buildSettings = {
				ALWAYS_SEARCH_USER_PATHS = NO;
				CLANG_ANALYZER_NONNULL = YES;
				CLANG_ANALYZER_NUMBER_OBJECT_CONVERSION = YES_AGGRESSIVE;
				CLANG_CXX_LANGUAGE_STANDARD = "gnu++14";
				CLANG_CXX_LIBRARY = "libc++";
				CLANG_ENABLE_MODULES = YES;
				CLANG_ENABLE_OBJC_ARC = YES;
				CLANG_ENABLE_OBJC_WEAK = YES;
				CLANG_WARN_BLOCK_CAPTURE_AUTORELEASING = YES;
				CLANG_WARN_BOOL_CONVERSION = YES;
				CLANG_WARN_COMMA = YES;
				CLANG_WARN_CONSTANT_CONVERSION = YES;
				CLANG_WARN_DEPRECATED_OBJC_IMPLEMENTATIONS = YES;
				CLANG_WARN_DIRECT_OBJC_ISA_USAGE = YES_ERROR;
				CLANG_WARN_DOCUMENTATION_COMMENTS = YES;
				CLANG_WARN_EMPTY_BODY = YES;
				CLANG_WARN_ENUM_CONVERSION = YES;
				CLANG_WARN_INFINITE_RECURSION = YES;
				CLANG_WARN_INT_CONVERSION = YES;
				CLANG_WARN_NON_LITERAL_NULL_CONVERSION = YES;
				CLANG_WARN_OBJC_IMPLICIT_RETAIN_SELF = YES;
				CLANG_WARN_OBJC_LITERAL_CONVERSION = YES;
				CLANG_WARN_OBJC_ROOT_CLASS = YES_ERROR;
				CLANG_WARN_QUOTED_INCLUDE_IN_FRAMEWORK_HEADER = YES;
				CLANG_WARN_RANGE_LOOP_ANALYSIS = YES;
				CLANG_WARN_STRICT_PROTOTYPES = YES;
				CLANG_WARN_SUSPICIOUS_MOVE = YES;
				CLANG_WARN_UNGUARDED_AVAILABILITY = YES_AGGRESSIVE;
				CLANG_WARN_UNREACHABLE_CODE = YES;
				CLANG_WARN__DUPLICATE_METHOD_MATCH = YES;
				COPY_PHASE_STRIP = NO;
				DEBUG_INFORMATION_FORMAT = dwarf;
				ENABLE_STRICT_OBJC_MSGSEND = YES;
				ENABLE_TESTABILITY = YES;
				GCC_C_LANGUAGE_STANDARD = gnu11;
				GCC_DYNAMIC_NO_PIC = NO;
				GCC_NO_COMMON_BLOCKS = YES;
				GCC_OPTIMIZATION_LEVEL = 0;
				GCC_PREPROCESSOR_DEFINITIONS = (
					"DEBUG=1",
					"$(inherited)",
				);
				GCC_WARN_64_TO_32_BIT_CONVERSION = YES;
				GCC_WARN_ABOUT_RETURN_TYPE = YES_ERROR;
				GCC_WARN_UNDECLARED_SELECTOR = YES;
				GCC_WARN_UNINITIALIZED_AUTOS = YES_AGGRESSIVE;
				GCC_WARN_UNUSED_FUNCTION = YES;
				GCC_WARN_UNUSED_VARIABLE = YES;
				IPHONEOS_DEPLOYMENT_TARGET = 14.5;
				MTL_ENABLE_DEBUG_INFO = INCLUDE_SOURCE;
				MTL_FAST_MATH = YES;
				ONLY_ACTIVE_ARCH = YES;
				SDKROOT = iphoneos;
				SWIFT_ACTIVE_COMPILATION_CONDITIONS = DEBUG;
				SWIFT_OPTIMIZATION_LEVEL = "-Onone";
			};
			name = Debug;
		};
		708D5FDA26B197B6000F70F3 /* Release */ = {
			isa = XCBuildConfiguration;
			buildSettings = {
				ALWAYS_SEARCH_USER_PATHS = NO;
				CLANG_ANALYZER_NONNULL = YES;
				CLANG_ANALYZER_NUMBER_OBJECT_CONVERSION = YES_AGGRESSIVE;
				CLANG_CXX_LANGUAGE_STANDARD = "gnu++14";
				CLANG_CXX_LIBRARY = "libc++";
				CLANG_ENABLE_MODULES = YES;
				CLANG_ENABLE_OBJC_ARC = YES;
				CLANG_ENABLE_OBJC_WEAK = YES;
				CLANG_WARN_BLOCK_CAPTURE_AUTORELEASING = YES;
				CLANG_WARN_BOOL_CONVERSION = YES;
				CLANG_WARN_COMMA = YES;
				CLANG_WARN_CONSTANT_CONVERSION = YES;
				CLANG_WARN_DEPRECATED_OBJC_IMPLEMENTATIONS = YES;
				CLANG_WARN_DIRECT_OBJC_ISA_USAGE = YES_ERROR;
				CLANG_WARN_DOCUMENTATION_COMMENTS = YES;
				CLANG_WARN_EMPTY_BODY = YES;
				CLANG_WARN_ENUM_CONVERSION = YES;
				CLANG_WARN_INFINITE_RECURSION = YES;
				CLANG_WARN_INT_CONVERSION = YES;
				CLANG_WARN_NON_LITERAL_NULL_CONVERSION = YES;
				CLANG_WARN_OBJC_IMPLICIT_RETAIN_SELF = YES;
				CLANG_WARN_OBJC_LITERAL_CONVERSION = YES;
				CLANG_WARN_OBJC_ROOT_CLASS = YES_ERROR;
				CLANG_WARN_QUOTED_INCLUDE_IN_FRAMEWORK_HEADER = YES;
				CLANG_WARN_RANGE_LOOP_ANALYSIS = YES;
				CLANG_WARN_STRICT_PROTOTYPES = YES;
				CLANG_WARN_SUSPICIOUS_MOVE = YES;
				CLANG_WARN_UNGUARDED_AVAILABILITY = YES_AGGRESSIVE;
				CLANG_WARN_UNREACHABLE_CODE = YES;
				CLANG_WARN__DUPLICATE_METHOD_MATCH = YES;
				COPY_PHASE_STRIP = NO;
				DEBUG_INFORMATION_FORMAT = "dwarf-with-dsym";
				ENABLE_NS_ASSERTIONS = NO;
				ENABLE_STRICT_OBJC_MSGSEND = YES;
				GCC_C_LANGUAGE_STANDARD = gnu11;
				GCC_NO_COMMON_BLOCKS = YES;
				GCC_WARN_64_TO_32_BIT_CONVERSION = YES;
				GCC_WARN_ABOUT_RETURN_TYPE = YES_ERROR;
				GCC_WARN_UNDECLARED_SELECTOR = YES;
				GCC_WARN_UNINITIALIZED_AUTOS = YES_AGGRESSIVE;
				GCC_WARN_UNUSED_FUNCTION = YES;
				GCC_WARN_UNUSED_VARIABLE = YES;
				IPHONEOS_DEPLOYMENT_TARGET = 14.5;
				MTL_ENABLE_DEBUG_INFO = NO;
				MTL_FAST_MATH = YES;
				SDKROOT = iphoneos;
				SWIFT_COMPILATION_MODE = wholemodule;
				SWIFT_OPTIMIZATION_LEVEL = "-O";
				VALIDATE_PRODUCT = YES;
			};
			name = Release;
		};
		708D5FDC26B197B6000F70F3 /* Debug */ = {
			isa = XCBuildConfiguration;
			buildSettings = {
				ASSETCATALOG_COMPILER_APPICON_NAME = AppIcon;
				ASSETCATALOG_COMPILER_GLOBAL_ACCENT_COLOR_NAME = AccentColor;
				CODE_SIGN_STYLE = Automatic;
				DEVELOPMENT_ASSET_PATHS = "\"FormAndNavigation/Preview Content\"";
				DEVELOPMENT_TEAM = W6NYRRRG5Q;
				ENABLE_PREVIEWS = YES;
				INFOPLIST_FILE = FormAndNavigation/Info.plist;
				LD_RUNPATH_SEARCH_PATHS = (
					"$(inherited)",
					"@executable_path/Frameworks",
				);
				PRODUCT_BUNDLE_IDENTIFIER = com.dhikadityre.swiftUIimplement.FormAndNavigation;
				PRODUCT_NAME = "$(TARGET_NAME)";
				SWIFT_VERSION = 5.0;
				TARGETED_DEVICE_FAMILY = "1,2";
			};
			name = Debug;
		};
		708D5FDD26B197B6000F70F3 /* Release */ = {
			isa = XCBuildConfiguration;
			buildSettings = {
				ASSETCATALOG_COMPILER_APPICON_NAME = AppIcon;
				ASSETCATALOG_COMPILER_GLOBAL_ACCENT_COLOR_NAME = AccentColor;
				CODE_SIGN_STYLE = Automatic;
				DEVELOPMENT_ASSET_PATHS = "\"FormAndNavigation/Preview Content\"";
				DEVELOPMENT_TEAM = W6NYRRRG5Q;
				ENABLE_PREVIEWS = YES;
				INFOPLIST_FILE = FormAndNavigation/Info.plist;
				LD_RUNPATH_SEARCH_PATHS = (
					"$(inherited)",
					"@executable_path/Frameworks",
				);
				PRODUCT_BUNDLE_IDENTIFIER = com.dhikadityre.swiftUIimplement.FormAndNavigation;
				PRODUCT_NAME = "$(TARGET_NAME)";
				SWIFT_VERSION = 5.0;
				TARGETED_DEVICE_FAMILY = "1,2";
			};
			name = Release;
		};
/* End XCBuildConfiguration section */

/* Begin XCConfigurationList section */
		708D5FC226B197B5000F70F3 /* Build configuration list for PBXProject "FormAndNavigation" */ = {
			isa = XCConfigurationList;
			buildConfigurations = (
				708D5FD926B197B6000F70F3 /* Debug */,
				708D5FDA26B197B6000F70F3 /* Release */,
			);
			defaultConfigurationIsVisible = 0;
			defaultConfigurationName = Release;
		};
		708D5FDB26B197B6000F70F3 /* Build configuration list for PBXNativeTarget "FormAndNavigation" */ = {
			isa = XCConfigurationList;
			buildConfigurations = (
				708D5FDC26B197B6000F70F3 /* Debug */,
				708D5FDD26B197B6000F70F3 /* Release */,
			);
			defaultConfigurationIsVisible = 0;
			defaultConfigurationName = Release;
		};
/* End XCConfigurationList section */
	};
	rootObject = 708D5FBF26B197B5000F70F3 /* Project object */;
}
